
Microsoft Visual Studio Solution File, Format Version 12.00
# Visual Studio Version 16
VisualStudioVersion = 16.0.30517.126
MinimumVisualStudioVersion = 10.0.40219.1
Project("{9A19103F-16F7-4668-BE54-9A1E7A4F7556}") = "QualcoApp", "QualcoApp.csproj", "{8BA516D0-A435-45C4-92F6-1B7127DBD25A}"
EndProject
Project("{9A19103F-16F7-4668-BE54-9A1E7A4F7556}") = "QualcoAppTests", "QualcoAppTests\QualcoAppTests.csproj", "{79CF05FA-69D0-42BE-AA19-7E8D7D329B79}"
EndProject
Global
	GlobalSection(SolutionConfigurationPlatforms) = preSolution
		Debug|Any CPU = Debug|Any CPU
		Release|Any CPU = Release|Any CPU
	EndGlobalSection
	GlobalSection(ProjectConfigurationPlatforms) = postSolution
		{8BA516D0-A435-45C4-92F6-1B7127DBD25A}.Debug|Any CPU.ActiveCfg = Debug|Any CPU
		{8BA516D0-A435-45C4-92F6-1B7127DBD25A}.Debug|Any CPU.Build.0 = Debug|Any CPU
		{8BA516D0-A435-45C4-92F6-1B7127DBD25A}.Release|Any CPU.ActiveCfg = Release|Any CPU
		{8BA516D0-A435-45C4-92F6-1B7127DBD25A}.Release|Any CPU.Build.0 = Release|Any CPU
		{79CF05FA-69D0-42BE-AA19-7E8D7D329B79}.Debug|Any CPU.ActiveCfg = Debug|Any CPU
		{79CF05FA-69D0-42BE-AA19-7E8D7D329B79}.Debug|Any CPU.Build.0 = Debug|Any CPU
		{79CF05FA-69D0-42BE-AA19-7E8D7D329B79}.Release|Any CPU.ActiveCfg = Release|Any CPU
		{79CF05FA-69D0-42BE-AA19-7E8D7D329B79}.Release|Any CPU.Build.0 = Release|Any CPU
	EndGlobalSection
	GlobalSection(SolutionProperties) = preSolution
		HideSolutionNode = FALSE
	EndGlobalSection
	GlobalSection(ExtensibilityGlobals) = postSolution
		SolutionGuid = {3B06392A-9759-4ABC-9C39-F3C6EA71E537}
	EndGlobalSection
EndGlobal
